
Microsoft Visual Studio Solution File, Format Version 12.00
# Visual Studio 2013
VisualStudioVersion = 12.0.21005.1
MinimumVisualStudioVersion = 10.0.40219.1
Project("{FAE04EC0-301F-11D3-BF4B-00C04F79EFBC}") = "UI.Desktop", "UI.Desktop\UI.Desktop.csproj", "{19D8D518-0CF0-4E78-BF90-05DA800A022C}"
EndProject
Project("{FAE04EC0-301F-11D3-BF4B-00C04F79EFBC}") = "Util", "Util\Util.csproj", "{EC28C1BF-1840-4720-B37D-5F3610B93715}"
EndProject
Project("{FAE04EC0-301F-11D3-BF4B-00C04F79EFBC}") = "Business.Entities", "Business.Entities\Business.Entities.csproj", "{89547CCF-E5C2-41CB-8DEE-7E1D001514A3}"
EndProject
Project("{FAE04EC0-301F-11D3-BF4B-00C04F79EFBC}") = "Business.Logic", "Business.Logic\Business.Logic.csproj", "{9323F9F3-4961-4B70-8B66-06E7D262E154}"
EndProject
Project("{FAE04EC0-301F-11D3-BF4B-00C04F79EFBC}") = "Data.Database", "Data.Database\Data.Database.csproj", "{18D1C50F-58E0-4D94-B05B-4A95A146E6BB}"
EndProject
Project("{FAE04EC0-301F-11D3-BF4B-00C04F79EFBC}") = "UI.Web", "UI.Web\UI.Web.csproj", "{D33AA48D-301C-4346-BCC6-E89BABC8FF00}"
EndProject
Global
	GlobalSection(SolutionConfigurationPlatforms) = preSolution
		Debug|Any CPU = Debug|Any CPU
		Release|Any CPU = Release|Any CPU
	EndGlobalSection
	GlobalSection(ProjectConfigurationPlatforms) = postSolution
		{19D8D518-0CF0-4E78-BF90-05DA800A022C}.Debug|Any CPU.ActiveCfg = Debug|Any CPU
		{19D8D518-0CF0-4E78-BF90-05DA800A022C}.Debug|Any CPU.Build.0 = Debug|Any CPU
		{19D8D518-0CF0-4E78-BF90-05DA800A022C}.Release|Any CPU.ActiveCfg = Release|Any CPU
		{19D8D518-0CF0-4E78-BF90-05DA800A022C}.Release|Any CPU.Build.0 = Release|Any CPU
		{EC28C1BF-1840-4720-B37D-5F3610B93715}.Debug|Any CPU.ActiveCfg = Debug|Any CPU
		{EC28C1BF-1840-4720-B37D-5F3610B93715}.Debug|Any CPU.Build.0 = Debug|Any CPU
		{EC28C1BF-1840-4720-B37D-5F3610B93715}.Release|Any CPU.ActiveCfg = Release|Any CPU
		{EC28C1BF-1840-4720-B37D-5F3610B93715}.Release|Any CPU.Build.0 = Release|Any CPU
		{89547CCF-E5C2-41CB-8DEE-7E1D001514A3}.Debug|Any CPU.ActiveCfg = Debug|Any CPU
		{89547CCF-E5C2-41CB-8DEE-7E1D001514A3}.Debug|Any CPU.Build.0 = Debug|Any CPU
		{89547CCF-E5C2-41CB-8DEE-7E1D001514A3}.Release|Any CPU.ActiveCfg = Release|Any CPU
		{89547CCF-E5C2-41CB-8DEE-7E1D001514A3}.Release|Any CPU.Build.0 = Release|Any CPU
		{9323F9F3-4961-4B70-8B66-06E7D262E154}.Debug|Any CPU.ActiveCfg = Debug|Any CPU
		{9323F9F3-4961-4B70-8B66-06E7D262E154}.Debug|Any CPU.Build.0 = Debug|Any CPU
		{9323F9F3-4961-4B70-8B66-06E7D262E154}.Release|Any CPU.ActiveCfg = Release|Any CPU
		{9323F9F3-4961-4B70-8B66-06E7D262E154}.Release|Any CPU.Build.0 = Release|Any CPU
		{18D1C50F-58E0-4D94-B05B-4A95A146E6BB}.Debug|Any CPU.ActiveCfg = Debug|Any CPU
		{18D1C50F-58E0-4D94-B05B-4A95A146E6BB}.Debug|Any CPU.Build.0 = Debug|Any CPU
		{18D1C50F-58E0-4D94-B05B-4A95A146E6BB}.Release|Any CPU.ActiveCfg = Release|Any CPU
		{18D1C50F-58E0-4D94-B05B-4A95A146E6BB}.Release|Any CPU.Build.0 = Release|Any CPU
		{D33AA48D-301C-4346-BCC6-E89BABC8FF00}.Debug|Any CPU.ActiveCfg = Debug|Any CPU
		{D33AA48D-301C-4346-BCC6-E89BABC8FF00}.Debug|Any CPU.Build.0 = Debug|Any CPU
		{D33AA48D-301C-4346-BCC6-E89BABC8FF00}.Release|Any CPU.ActiveCfg = Release|Any CPU
		{D33AA48D-301C-4346-BCC6-E89BABC8FF00}.Release|Any CPU.Build.0 = Release|Any CPU
	EndGlobalSection
	GlobalSection(SolutionProperties) = preSolution
		HideSolutionNode = FALSE
	EndGlobalSection
EndGlobal
